
Microsoft Visual Studio Solution File, Format Version 12.00
# Visual Studio 15
VisualStudioVersion = 15.0.26430.6
MinimumVisualStudioVersion = 10.0.40219.1
Project("{FAE04EC0-301F-11D3-BF4B-00C04F79EFBC}") = "ModIso8583", "ModIso8583\ModIso8583.csproj", "{3DD089CF-6495-4274-A812-EB2277CBEDB8}"
EndProject
Project("{FAE04EC0-301F-11D3-BF4B-00C04F79EFBC}") = "ModIso8583.Test", "ModIso8583.Test\ModIso8583.Test.csproj", "{7A7BEE8E-361C-4B3D-85C3-883B62AC4835}"
EndProject
Project("{2150E333-8FDC-42A3-9474-1A3956D46DE8}") = "Solution Items", "Solution Items", "{0508E9FA-671F-4D92-B9D3-3FC1D23253D8}"
	ProjectSection(SolutionItems) = preProject
		README.md = README.md
	EndProjectSection
EndProject
Global
	GlobalSection(SolutionConfigurationPlatforms) = preSolution
		Debug|Any CPU = Debug|Any CPU
		Release|Any CPU = Release|Any CPU
	EndGlobalSection
	GlobalSection(ProjectConfigurationPlatforms) = postSolution
		{3DD089CF-6495-4274-A812-EB2277CBEDB8}.Debug|Any CPU.ActiveCfg = Debug|Any CPU
		{3DD089CF-6495-4274-A812-EB2277CBEDB8}.Debug|Any CPU.Build.0 = Debug|Any CPU
		{3DD089CF-6495-4274-A812-EB2277CBEDB8}.Release|Any CPU.ActiveCfg = Release|Any CPU
		{3DD089CF-6495-4274-A812-EB2277CBEDB8}.Release|Any CPU.Build.0 = Release|Any CPU
		{7A7BEE8E-361C-4B3D-85C3-883B62AC4835}.Debug|Any CPU.ActiveCfg = Debug|Any CPU
		{7A7BEE8E-361C-4B3D-85C3-883B62AC4835}.Debug|Any CPU.Build.0 = Debug|Any CPU
		{7A7BEE8E-361C-4B3D-85C3-883B62AC4835}.Release|Any CPU.ActiveCfg = Release|Any CPU
		{7A7BEE8E-361C-4B3D-85C3-883B62AC4835}.Release|Any CPU.Build.0 = Release|Any CPU
	EndGlobalSection
	GlobalSection(SolutionProperties) = preSolution
		HideSolutionNode = FALSE
	EndGlobalSection
EndGlobal
